
Microsoft Visual Studio Solution File, Format Version 12.00
# Visual Studio 15
VisualStudioVersion = 15.0.28307.421
MinimumVisualStudioVersion = 10.0.40219.1
Project("{FAE04EC0-301F-11D3-BF4B-00C04F79EFBC}") = "ASPWlasciwosci", "ASPWlasciwosci\ASPWlasciwosci.csproj", "{7BAC3DD6-4DE8-4D16-9502-1090183761E4}"
EndProject
Global
	GlobalSection(SolutionConfigurationPlatforms) = preSolution
		Debug|Any CPU = Debug|Any CPU
		Release|Any CPU = Release|Any CPU
	EndGlobalSection
	GlobalSection(ProjectConfigurationPlatforms) = postSolution
		{7BAC3DD6-4DE8-4D16-9502-1090183761E4}.Debug|Any CPU.ActiveCfg = Debug|Any CPU
		{7BAC3DD6-4DE8-4D16-9502-1090183761E4}.Debug|Any CPU.Build.0 = Debug|Any CPU
		{7BAC3DD6-4DE8-4D16-9502-1090183761E4}.Release|Any CPU.ActiveCfg = Release|Any CPU
		{7BAC3DD6-4DE8-4D16-9502-1090183761E4}.Release|Any CPU.Build.0 = Release|Any CPU
	EndGlobalSection
	GlobalSection(SolutionProperties) = preSolution
		HideSolutionNode = FALSE
	EndGlobalSection
	GlobalSection(ExtensibilityGlobals) = postSolution
		SolutionGuid = {7DE710F2-D997-41E9-B875-AE073B2EBC69}
	EndGlobalSection
EndGlobal
