
Microsoft Visual Studio Solution File, Format Version 12.00
# Visual Studio 15
VisualStudioVersion = 15.0.28307.421
MinimumVisualStudioVersion = 10.0.40219.1
Project("{FAE04EC0-301F-11D3-BF4B-00C04F79EFBC}") = "School1", "School1\School1.csproj", "{1F1CFE4F-0D1F-4515-A43A-6F8CEB6C7AE4}"
EndProject
Global
	GlobalSection(SolutionConfigurationPlatforms) = preSolution
		Debug|Any CPU = Debug|Any CPU
		Release|Any CPU = Release|Any CPU
	EndGlobalSection
	GlobalSection(ProjectConfigurationPlatforms) = postSolution
		{1F1CFE4F-0D1F-4515-A43A-6F8CEB6C7AE4}.Debug|Any CPU.ActiveCfg = Debug|Any CPU
		{1F1CFE4F-0D1F-4515-A43A-6F8CEB6C7AE4}.Debug|Any CPU.Build.0 = Debug|Any CPU
		{1F1CFE4F-0D1F-4515-A43A-6F8CEB6C7AE4}.Release|Any CPU.ActiveCfg = Release|Any CPU
		{1F1CFE4F-0D1F-4515-A43A-6F8CEB6C7AE4}.Release|Any CPU.Build.0 = Release|Any CPU
	EndGlobalSection
	GlobalSection(SolutionProperties) = preSolution
		HideSolutionNode = FALSE
	EndGlobalSection
	GlobalSection(ExtensibilityGlobals) = postSolution
		SolutionGuid = {2B6E06F3-EFF4-4316-9055-B1C39D5D1234}
	EndGlobalSection
EndGlobal
